
Microsoft Visual Studio Solution File, Format Version 12.00
# Visual Studio 15
VisualStudioVersion = 15.0.27130.2010
MinimumVisualStudioVersion = 10.0.40219.1
Project("{FAE04EC0-301F-11D3-BF4B-00C04F79EFBC}") = "Currency", "Currency\Currency.csproj", "{3F628A2F-3E21-4221-B8BB-CB3045C22D8D}"
EndProject
Project("{9A19103F-16F7-4668-BE54-9A1E7A4F7556}") = "HtmlCrawler", "HtmlCrawler\HtmlCrawler\HtmlCrawler.csproj", "{FACF55CA-84B7-4E1E-BB79-53B65EAA4FC0}"
EndProject
Global
	GlobalSection(SolutionConfigurationPlatforms) = preSolution
		Debug|Any CPU = Debug|Any CPU
		Release|Any CPU = Release|Any CPU
	EndGlobalSection
	GlobalSection(ProjectConfigurationPlatforms) = postSolution
		{3F628A2F-3E21-4221-B8BB-CB3045C22D8D}.Debug|Any CPU.ActiveCfg = Debug|Any CPU
		{3F628A2F-3E21-4221-B8BB-CB3045C22D8D}.Debug|Any CPU.Build.0 = Debug|Any CPU
		{3F628A2F-3E21-4221-B8BB-CB3045C22D8D}.Release|Any CPU.ActiveCfg = Release|Any CPU
		{3F628A2F-3E21-4221-B8BB-CB3045C22D8D}.Release|Any CPU.Build.0 = Release|Any CPU
		{FACF55CA-84B7-4E1E-BB79-53B65EAA4FC0}.Debug|Any CPU.ActiveCfg = Debug|Any CPU
		{FACF55CA-84B7-4E1E-BB79-53B65EAA4FC0}.Debug|Any CPU.Build.0 = Debug|Any CPU
		{FACF55CA-84B7-4E1E-BB79-53B65EAA4FC0}.Release|Any CPU.ActiveCfg = Release|Any CPU
		{FACF55CA-84B7-4E1E-BB79-53B65EAA4FC0}.Release|Any CPU.Build.0 = Release|Any CPU
	EndGlobalSection
	GlobalSection(SolutionProperties) = preSolution
		HideSolutionNode = FALSE
	EndGlobalSection
	GlobalSection(ExtensibilityGlobals) = postSolution
		SolutionGuid = {84D1584E-08DE-4A99-99DE-7D289E956D38}
	EndGlobalSection
EndGlobal
